
Microsoft Visual Studio Solution File, Format Version 12.00
# Visual Studio 15
VisualStudioVersion = 15.0.27004.2010
MinimumVisualStudioVersion = 10.0.40219.1
Project("{FAE04EC0-301F-11D3-BF4B-00C04F79EFBC}") = "TackLiv.CodedUi.SpecFlowPlugin", "CodedUi.SpecFlowPlugin\TackLiv.CodedUi.SpecFlowPlugin.csproj", "{BE389A35-3DE5-431D-84CB-87BF1E12E182}"
EndProject
Project("{FAE04EC0-301F-11D3-BF4B-00C04F79EFBC}") = "TackLiv.CodedUi.SpecFlowPlugin.Examples", "CodedUi.SpecFlowPlugin.Examples\TackLiv.CodedUi.SpecFlowPlugin.Examples.csproj", "{0E4695D1-CA5A-492F-8003-3F97E40B06FA}"
EndProject
Global
	GlobalSection(SolutionConfigurationPlatforms) = preSolution
		Debug|Any CPU = Debug|Any CPU
		Release|Any CPU = Release|Any CPU
	EndGlobalSection
	GlobalSection(ProjectConfigurationPlatforms) = postSolution
		{BE389A35-3DE5-431D-84CB-87BF1E12E182}.Debug|Any CPU.ActiveCfg = Debug|Any CPU
		{BE389A35-3DE5-431D-84CB-87BF1E12E182}.Debug|Any CPU.Build.0 = Debug|Any CPU
		{BE389A35-3DE5-431D-84CB-87BF1E12E182}.Release|Any CPU.ActiveCfg = Release|Any CPU
		{BE389A35-3DE5-431D-84CB-87BF1E12E182}.Release|Any CPU.Build.0 = Release|Any CPU
		{0E4695D1-CA5A-492F-8003-3F97E40B06FA}.Debug|Any CPU.ActiveCfg = Debug|Any CPU
		{0E4695D1-CA5A-492F-8003-3F97E40B06FA}.Debug|Any CPU.Build.0 = Debug|Any CPU
		{0E4695D1-CA5A-492F-8003-3F97E40B06FA}.Release|Any CPU.ActiveCfg = Release|Any CPU
		{0E4695D1-CA5A-492F-8003-3F97E40B06FA}.Release|Any CPU.Build.0 = Release|Any CPU
	EndGlobalSection
	GlobalSection(SolutionProperties) = preSolution
		HideSolutionNode = FALSE
	EndGlobalSection
	GlobalSection(ExtensibilityGlobals) = postSolution
		SolutionGuid = {ED3A5F3C-3FE2-44E3-AC66-EBAAB8755A35}
	EndGlobalSection
EndGlobal
